
Microsoft Visual Studio Solution File, Format Version 12.00
# Visual Studio Version 17
VisualStudioVersion = 17.2.32526.322
MinimumVisualStudioVersion = 10.0.40219.1
Project("{FAE04EC0-301F-11D3-BF4B-00C04F79EFBC}") = "CursoApp", "CursoApp\CursoApp.csproj", "{C288F87A-83EF-4B0C-B953-AAF7921B3276}"
EndProject
Global
	GlobalSection(SolutionConfigurationPlatforms) = preSolution
		Debug|Any CPU = Debug|Any CPU
		Release|Any CPU = Release|Any CPU
	EndGlobalSection
	GlobalSection(ProjectConfigurationPlatforms) = postSolution
		{C288F87A-83EF-4B0C-B953-AAF7921B3276}.Debug|Any CPU.ActiveCfg = Debug|Any CPU
		{C288F87A-83EF-4B0C-B953-AAF7921B3276}.Debug|Any CPU.Build.0 = Debug|Any CPU
		{C288F87A-83EF-4B0C-B953-AAF7921B3276}.Release|Any CPU.ActiveCfg = Release|Any CPU
		{C288F87A-83EF-4B0C-B953-AAF7921B3276}.Release|Any CPU.Build.0 = Release|Any CPU
	EndGlobalSection
	GlobalSection(SolutionProperties) = preSolution
		HideSolutionNode = FALSE
	EndGlobalSection
	GlobalSection(ExtensibilityGlobals) = postSolution
		SolutionGuid = {61B04FF0-13DA-44E7-8E98-21EC1847D296}
	EndGlobalSection
EndGlobal
